
Microsoft Visual Studio Solution File, Format Version 12.00
# Visual Studio Version 17
VisualStudioVersion = 17.9.34728.123
MinimumVisualStudioVersion = 10.0.40219.1
Project("{FAE04EC0-301F-11D3-BF4B-00C04F79EFBC}") = "WinApp_postgresql_backup", "WinApp_postgresql_backup\WinApp_postgresql_backup.csproj", "{93193667-BBF9-45FB-B2CE-58FB43B22668}"
EndProject
Global
	GlobalSection(SolutionConfigurationPlatforms) = preSolution
		Debug|Any CPU = Debug|Any CPU
		Release|Any CPU = Release|Any CPU
	EndGlobalSection
	GlobalSection(ProjectConfigurationPlatforms) = postSolution
		{93193667-BBF9-45FB-B2CE-58FB43B22668}.Debug|Any CPU.ActiveCfg = Debug|Any CPU
		{93193667-BBF9-45FB-B2CE-58FB43B22668}.Debug|Any CPU.Build.0 = Debug|Any CPU
		{93193667-BBF9-45FB-B2CE-58FB43B22668}.Release|Any CPU.ActiveCfg = Release|Any CPU
		{93193667-BBF9-45FB-B2CE-58FB43B22668}.Release|Any CPU.Build.0 = Release|Any CPU
	EndGlobalSection
	GlobalSection(SolutionProperties) = preSolution
		HideSolutionNode = FALSE
	EndGlobalSection
	GlobalSection(ExtensibilityGlobals) = postSolution
		SolutionGuid = {B78C483C-0DFD-45F7-AF78-0EB54FA09846}
	EndGlobalSection
EndGlobal
